
Microsoft Visual Studio Solution File, Format Version 12.00
# Visual Studio Version 17
VisualStudioVersion = 17.6.33815.320
MinimumVisualStudioVersion = 10.0.40219.1
Project("{FAE04EC0-301F-11D3-BF4B-00C04F79EFBC}") = "WebApplication1", "WebApplication1\WebApplication1.csproj", "{40075634-F4D2-4F71-88AE-41479ECCA21D}"
EndProject
Project("{FAE04EC0-301F-11D3-BF4B-00C04F79EFBC}") = "Entities", "Entities\Entities.csproj", "{B8999E38-8AB6-4E11-8FF3-DC3D6F75B750}"
EndProject
Project("{FAE04EC0-301F-11D3-BF4B-00C04F79EFBC}") = "Data", "Data\Data.csproj", "{950EA95E-767D-46C8-8265-9369B6ECB40A}"
EndProject
Global
	GlobalSection(SolutionConfigurationPlatforms) = preSolution
		Debug|Any CPU = Debug|Any CPU
		Release|Any CPU = Release|Any CPU
	EndGlobalSection
	GlobalSection(ProjectConfigurationPlatforms) = postSolution
		{40075634-F4D2-4F71-88AE-41479ECCA21D}.Debug|Any CPU.ActiveCfg = Debug|Any CPU
		{40075634-F4D2-4F71-88AE-41479ECCA21D}.Debug|Any CPU.Build.0 = Debug|Any CPU
		{40075634-F4D2-4F71-88AE-41479ECCA21D}.Release|Any CPU.ActiveCfg = Release|Any CPU
		{40075634-F4D2-4F71-88AE-41479ECCA21D}.Release|Any CPU.Build.0 = Release|Any CPU
		{B8999E38-8AB6-4E11-8FF3-DC3D6F75B750}.Debug|Any CPU.ActiveCfg = Debug|Any CPU
		{B8999E38-8AB6-4E11-8FF3-DC3D6F75B750}.Debug|Any CPU.Build.0 = Debug|Any CPU
		{B8999E38-8AB6-4E11-8FF3-DC3D6F75B750}.Release|Any CPU.ActiveCfg = Release|Any CPU
		{B8999E38-8AB6-4E11-8FF3-DC3D6F75B750}.Release|Any CPU.Build.0 = Release|Any CPU
		{950EA95E-767D-46C8-8265-9369B6ECB40A}.Debug|Any CPU.ActiveCfg = Debug|Any CPU
		{950EA95E-767D-46C8-8265-9369B6ECB40A}.Debug|Any CPU.Build.0 = Debug|Any CPU
		{950EA95E-767D-46C8-8265-9369B6ECB40A}.Release|Any CPU.ActiveCfg = Release|Any CPU
		{950EA95E-767D-46C8-8265-9369B6ECB40A}.Release|Any CPU.Build.0 = Release|Any CPU
	EndGlobalSection
	GlobalSection(SolutionProperties) = preSolution
		HideSolutionNode = FALSE
	EndGlobalSection
	GlobalSection(ExtensibilityGlobals) = postSolution
		SolutionGuid = {A7407732-CE95-4246-9C13-8E870F2E453F}
	EndGlobalSection
EndGlobal
